
Microsoft Visual Studio Solution File, Format Version 12.00
# Visual Studio 15
VisualStudioVersion = 15.0.28010.2016
MinimumVisualStudioVersion = 10.0.40219.1
Project("{FAE04EC0-301F-11D3-BF4B-00C04F79EFBC}") = "ProyectoMascotas", "ProyectoMascotas\ProyectoMascotas.csproj", "{0DD8D042-5785-4AA3-AEA2-6CB95EAA1F69}"
EndProject
Project("{FAE04EC0-301F-11D3-BF4B-00C04F79EFBC}") = "CapaNegocios", "CapaNegocios\CapaNegocios.csproj", "{E1ACB5AC-48FB-4517-A686-C7CB46963B29}"
EndProject
Project("{FAE04EC0-301F-11D3-BF4B-00C04F79EFBC}") = "CapaDatos", "CapaDatos\CapaDatos.csproj", "{CD3F5A5F-3CD1-4AB1-B9FE-E876CC4787DD}"
EndProject
Global
	GlobalSection(SolutionConfigurationPlatforms) = preSolution
		Debug|Any CPU = Debug|Any CPU
		Release|Any CPU = Release|Any CPU
	EndGlobalSection
	GlobalSection(ProjectConfigurationPlatforms) = postSolution
		{0DD8D042-5785-4AA3-AEA2-6CB95EAA1F69}.Debug|Any CPU.ActiveCfg = Debug|Any CPU
		{0DD8D042-5785-4AA3-AEA2-6CB95EAA1F69}.Debug|Any CPU.Build.0 = Debug|Any CPU
		{0DD8D042-5785-4AA3-AEA2-6CB95EAA1F69}.Release|Any CPU.ActiveCfg = Release|Any CPU
		{0DD8D042-5785-4AA3-AEA2-6CB95EAA1F69}.Release|Any CPU.Build.0 = Release|Any CPU
		{E1ACB5AC-48FB-4517-A686-C7CB46963B29}.Debug|Any CPU.ActiveCfg = Debug|Any CPU
		{E1ACB5AC-48FB-4517-A686-C7CB46963B29}.Debug|Any CPU.Build.0 = Debug|Any CPU
		{E1ACB5AC-48FB-4517-A686-C7CB46963B29}.Release|Any CPU.ActiveCfg = Release|Any CPU
		{E1ACB5AC-48FB-4517-A686-C7CB46963B29}.Release|Any CPU.Build.0 = Release|Any CPU
		{CD3F5A5F-3CD1-4AB1-B9FE-E876CC4787DD}.Debug|Any CPU.ActiveCfg = Debug|Any CPU
		{CD3F5A5F-3CD1-4AB1-B9FE-E876CC4787DD}.Debug|Any CPU.Build.0 = Debug|Any CPU
		{CD3F5A5F-3CD1-4AB1-B9FE-E876CC4787DD}.Release|Any CPU.ActiveCfg = Release|Any CPU
		{CD3F5A5F-3CD1-4AB1-B9FE-E876CC4787DD}.Release|Any CPU.Build.0 = Release|Any CPU
	EndGlobalSection
	GlobalSection(SolutionProperties) = preSolution
		HideSolutionNode = FALSE
	EndGlobalSection
	GlobalSection(ExtensibilityGlobals) = postSolution
		SolutionGuid = {0B735581-B678-4630-8028-38F2C7D7C4A8}
	EndGlobalSection
EndGlobal
